version = 1
revision = 3
requires-python = ">=3.7"
resolution-markers = [
    "python_full_version >= '3.9'",
    "python_full_version == '3.8.*'",
    "python_full_version < '3.8'",
]

[[package]]
name = "mypy"
version = "1.4.1"
source = { registry = "https://pypi.org/simple" }
resolution-markers = [
    "python_full_version < '3.8'",
]
dependencies = [
    { name = "mypy-extensions", marker = "python_full_version < '3.8'" },
    { name = "tomli", version = "2.0.1", source = { registry = "https://pypi.org/simple" }, marker = "python_full_version < '3.8'" },
    { name = "typed-ast", marker = "python_full_version < '3.8'" },
    { name = "typing-extensions", version = "4.7.1", source = { registry = "https://pypi.org/simple" }, marker = "python_full_version < '3.8'" },
]
sdist = { url = "https://files.pythonhosted.org/packages/b3/28/d8a8233ff167d06108e53b7aefb4a8d7350adbbf9d7abd980f17fdb7a3a6/mypy-1.4.1.tar.gz", hash = "sha256:9bbcd9ab8ea1f2e1c8031c21445b511442cc45c89951e49bbf852cbb70755b1b", size = 2855162, upload-time = "2023-06-25T23:22:54.364Z" }
wheels = [
    { url = "https://files.pythonhosted.org/packages/fb/3b/1c7363863b56c059f60a1dfdca9ac774a22ba64b7a4da0ee58ee53e5243f/mypy-1.4.1-cp310-cp310-macosx_10_9_x86_64.whl", hash = "sha256:566e72b0cd6598503e48ea610e0052d1b8168e60a46e0bfd34b3acf2d57f96a8", size = 10451043, upload-time = "2023-06-25T23:22:02.502Z" },
    { url = "https://files.pythonhosted.org/packages/a7/24/6f0df1874118839db1155fed62a4bd7e80c181367ff8ea07d40fbaffcfb4/mypy-1.4.1-cp310-cp310-macosx_11_0_arm64.whl", hash = "sha256:ca637024ca67ab24a7fd6f65d280572c3794665eaf5edcc7e90a866544076878", size = 9542079, upload-time = "2023-06-25T23:22:37.916Z" },
    { url = "https://files.pythonhosted.org/packages/04/5c/deeac94fcccd11aa621e6b350df333e1b809b11443774ea67582cc0205da/mypy-1.4.1-cp310-cp310-manylinux_2_17_x86_64.manylinux2014_x86_64.whl", hash = "sha256:0dde1d180cd84f0624c5dcaaa89c89775550a675aff96b5848de78fb11adabcd", size = 11974913, upload-time = "2023-06-25T23:21:14.603Z" },
    { url = "https://files.pythonhosted.org/packages/e5/2f/de3c455c54e8cf5e37ea38705c1920f2df470389f8fc051084d2dd8c9c59/mypy-1.4.1-cp310-cp310-musllinux_1_1_x86_64.whl", hash = "sha256:8c4d8e89aa7de683e2056a581ce63c46a0c41e31bd2b6d34144e2c80f5ea53dc", size = 12044492, upload-time = "2023-06-25T23:22:17.551Z" },
    { url = "https://files.pythonhosted.org/packages/e7/d3/6f65357dcb68109946de70cd55bd2e60f10114f387471302f48d54ff5dae/mypy-1.4.1-cp310-cp310-win_amd64.whl", hash = "sha256:bfdca17c36ae01a21274a3c387a63aa1aafe72bff976522886869ef131b937f1", size = 8831655, upload-time = "2023-06-25T23:21:40.201Z" },
    { url = "https://files.pythonhosted.org/packages/94/01/e34e37a044325af4d4af9825c15e8a0d26d89b5a9624b4d0908449d3411b/mypy-1.4.1-cp311-cp311-macosx_10_9_x86_64.whl", hash = "sha256:7549fbf655e5825d787bbc9ecf6028731973f78088fbca3a1f4145c39ef09462", size = 10338636, upload-time = "2023-06-25T23:22:43.45Z" },
    { url = "https://files.pythonhosted.org/packages/92/58/ccc0b714ecbd1a64b34d8ce1c38763ff6431de1d82551904ecc3711fbe05/mypy-1.4.1-cp311-cp311-macosx_11_0_arm64.whl", hash = "sha256:98324ec3ecf12296e6422939e54763faedbfcc502ea4a4c38502082711867258", size = 9444172, upload-time = "2023-06-25T23:21:25.502Z" },
    { url = "https://files.pythonhosted.org/packages/73/72/dfc0b46e6905eafd598e7c48c0c4f2e232647e4e36547425c64e6c850495/mypy-1.4.1-cp311-cp311-manylinux_2_17_x86_64.manylinux2014_x86_64.whl", hash = "sha256:141dedfdbfe8a04142881ff30ce6e6653c9685b354876b12e4fe6c78598b45e2", size = 11855450, upload-time = "2023-06-25T23:21:37.234Z" },
    { url = "https://files.pythonhosted.org/packages/66/f4/60739a2d336f3adf5628e7c9b920d16e8af6dc078550d615e4ba2a1d7759/mypy-1.4.1-cp311-cp311-musllinux_1_1_x86_64.whl", hash = "sha256:8207b7105829eca6f3d774f64a904190bb2231de91b8b186d21ffd98005f14a7", size = 11928679, upload-time = "2023-06-25T23:22:40.757Z" },
    { url = "https://files.pythonhosted.org/packages/8c/26/6ff2b55bf8b605a4cc898883654c2ca4dd4feedf0bb04ecaacf60d165cde/mypy-1.4.1-cp311-cp311-win_amd64.whl", hash = "sha256:16f0db5b641ba159eff72cff08edc3875f2b62b2fa2bc24f68c1e7a4e8232d01", size = 8831134, upload-time = "2023-06-25T23:22:09.178Z" },
    { url = "https://files.pythonhosted.org/packages/95/47/fb69dad9634af9f1dab69f8b4031d674592384b59c7171852b1fbed6de15/mypy-1.4.1-cp37-cp37m-macosx_10_9_x86_64.whl", hash = "sha256:470c969bb3f9a9efcedbadcd19a74ffb34a25f8e6b0e02dae7c0e71f8372f97b", size = 10101278, upload-time = "2023-06-25T23:22:51.525Z" },
    { url = "https://files.pythonhosted.org/packages/65/f7/77339904a3415cadca5551f2ea0c74feefc9b7187636a292690788f4d4b3/mypy-1.4.1-cp37-cp37m-manylinux_2_17_x86_64.manylinux2014_x86_64.whl", hash = "sha256:e5952d2d18b79f7dc25e62e014fe5a23eb1a3d2bc66318df8988a01b1a037c5b", size = 11643877, upload-time = "2023-06-25T23:22:20.963Z" },
    { url = "https://files.pythonhosted.org/packages/f5/93/ae39163ae84266d24d1fcf8ee1e2db1e0346e09de97570dd101a07ccf876/mypy-1.4.1-cp37-cp37m-musllinux_1_1_x86_64.whl", hash = "sha256:190b6bab0302cec4e9e6767d3eb66085aef2a1cc98fe04936d8a42ed2ba77bb7", size = 11702718, upload-time = "2023-06-25T23:22:32.056Z" },
    { url = "https://files.pythonhosted.org/packages/13/3b/3b7de921626547b36c34b91c74cfbda260210df7c49bd3d315015cfd6005/mypy-1.4.1-cp37-cp37m-win_amd64.whl", hash = "sha256:9d40652cc4fe33871ad3338581dca3297ff5f2213d0df345bcfbde5162abf0c9", size = 8551181, upload-time = "2023-06-25T23:22:27.656Z" },
    { url = "https://files.pythonhosted.org/packages/49/7d/63bab763e4d44e1a7c341fb64496ddf20970780935596ffed9ed2d85eae7/mypy-1.4.1-cp38-cp38-macosx_10_9_x86_64.whl", hash = "sha256:01fd2e9f85622d981fd9063bfaef1aed6e336eaacca00892cd2d82801ab7c042", size = 10390236, upload-time = "2023-06-25T23:21:30.367Z" },
    { url = "https://files.pythonhosted.org/packages/23/3f/54a87d933440416a1efd7a42b45f8cf22e353efe889eb3903cc34177ab44/mypy-1.4.1-cp38-cp38-macosx_11_0_arm64.whl", hash = "sha256:2460a58faeea905aeb1b9b36f5065f2dc9a9c6e4c992a6499a2360c6c74ceca3", size = 9496760, upload-time = "2023-06-25T23:21:33.753Z" },
    { url = "https://files.pythonhosted.org/packages/4e/89/26230b46e27724bd54f76cd73a2759eaaf35292b32ba64f36c7c47836d4b/mypy-1.4.1-cp38-cp38-manylinux_2_17_x86_64.manylinux2014_x86_64.whl", hash = "sha256:a2746d69a8196698146a3dbe29104f9eb6a2a4d8a27878d92169a6c0b74435b6", size = 11927489, upload-time = "2023-06-25T23:21:58.934Z" },
    { url = "https://files.pythonhosted.org/packages/64/7d/156e721376951c449554942eedf4d53e9ca2a57e94bf0833ad2821d59bfa/mypy-1.4.1-cp38-cp38-musllinux_1_1_x86_64.whl", hash = "sha256:ae704dcfaa180ff7c4cfbad23e74321a2b774f92ca77fd94ce1049175a21c97f", size = 11990009, upload-time = "2023-06-25T23:21:55.909Z" },
    { url = "https://files.pythonhosted.org/packages/27/ab/21230851e8137c9ef9a095cc8cb70d8ff8cac21014e4b249ac7a9eae7df9/mypy-1.4.1-cp38-cp38-win_amd64.whl", hash = "sha256:43d24f6437925ce50139a310a64b2ab048cb2d3694c84c71c3f2a1626d8101dc", size = 8816535, upload-time = "2023-06-25T23:21:45.703Z" },
    { url = "https://files.pythonhosted.org/packages/1d/1b/9050b5c444ef82c3d59bdbf21f91b259cf20b2ac1df37d55bc6b91d609a1/mypy-1.4.1-cp39-cp39-macosx_10_9_x86_64.whl", hash = "sha256:c482e1246726616088532b5e964e39765b6d1520791348e6c9dc3af25b233828", size = 10447897, upload-time = "2023-06-25T23:21:22.06Z" },
    { url = "https://files.pythonhosted.org/packages/da/00/ac2b58b321d85cac25be0dcd1bc2427dfc6cf403283fc205a0031576f14b/mypy-1.4.1-cp39-cp39-macosx_11_0_arm64.whl", hash = "sha256:43b592511672017f5b1a483527fd2684347fdffc041c9ef53428c8dc530f79a3", size = 9534091, upload-time = "2023-06-25T23:22:14.634Z" },
    { url = "https://files.pythonhosted.org/packages/c4/10/26240f14e854a95af87d577b288d607ebe0ccb75cb37052f6386402f022d/mypy-1.4.1-cp39-cp39-manylinux_2_17_x86_64.manylinux2014_x86_64.whl", hash = "sha256:34a9239d5b3502c17f07fd7c0b2ae6b7dd7d7f6af35fbb5072c6208e76295816", size = 11970165, upload-time = "2023-06-25T23:22:05.673Z" },
    { url = "https://files.pythonhosted.org/packages/b7/34/a3edaec8762181bfe97439c7e094f4c2f411ed9b79ac8f4d72156e88d5ce/mypy-1.4.1-cp39-cp39-musllinux_1_1_x86_64.whl", hash = "sha256:5703097c4936bbb9e9bce41478c8d08edd2865e177dc4c52be759f81ee4dd26c", size = 12040792, upload-time = "2023-06-25T23:21:49.878Z" },
    { url = "https://files.pythonhosted.org/packages/d1/f3/0d0622d5a83859a992b01741a7b97949d6fb9efc9f05f20a09f0df10dc1e/mypy-1.4.1-cp39-cp39-win_amd64.whl", hash = "sha256:e02d700ec8d9b1859790c0475df4e4092c7bf3272a4fd2c9f33d87fac4427b8f", size = 8831367, upload-time = "2023-06-25T23:21:43.065Z" },
    { url = "https://files.pythonhosted.org/packages/3d/9a/e13addb8d652cb068f835ac2746d9d42f85b730092f581bb17e2059c28f1/mypy-1.4.1-py3-none-any.whl", hash = "sha256:45d32cec14e7b97af848bddd97d85ea4f0db4d5a149ed9676caa4eb2f7402bb4", size = 2451741, upload-time = "2023-06-25T23:22:49.033Z" },
]

[[package]]
name = "mypy"
version = "1.14.1"
source = { registry = "https://pypi.org/simple" }
resolution-markers = [
    "python_full_version >= '3.9'",
    "python_full_version == '3.8.*'",
]
dependencies = [
    { name = "mypy-extensions", marker = "python_full_version >= '3.8'" },
    { name = "tomli", version = "2.2.1", source = { registry = "https://pypi.org/simple" }, marker = "python_full_version >= '3.8' and python_full_version < '3.11'" },
    { name = "typing-extensions", version = "4.12.2", source = { registry = "https://pypi.org/simple" }, marker = "python_full_version >= '3.8'" },
]
sdist = { url = "https://files.pythonhosted.org/packages/b9/eb/2c92d8ea1e684440f54fa49ac5d9a5f19967b7b472a281f419e69a8d228e/mypy-1.14.1.tar.gz", hash = "sha256:7ec88144fe9b510e8475ec2f5f251992690fcf89ccb4500b214b4226abcd32d6", size = 3216051, upload-time = "2024-12-30T16:39:07.335Z" }
wheels = [
    { url = "https://files.pythonhosted.org/packages/9b/7a/87ae2adb31d68402da6da1e5f30c07ea6063e9f09b5e7cfc9dfa44075e74/mypy-1.14.1-cp310-cp310-macosx_10_9_x86_64.whl", hash = "sha256:52686e37cf13d559f668aa398dd7ddf1f92c5d613e4f8cb262be2fb4fedb0fcb", size = 11211002, upload-time = "2024-12-30T16:37:22.435Z" },
    { url = "https://files.pythonhosted.org/packages/e1/23/eada4c38608b444618a132be0d199b280049ded278b24cbb9d3fc59658e4/mypy-1.14.1-cp310-cp310-macosx_11_0_arm64.whl", hash = "sha256:1fb545ca340537d4b45d3eecdb3def05e913299ca72c290326be19b3804b39c0", size = 10358400, upload-time = "2024-12-30T16:37:53.526Z" },
    { url = "https://files.pythonhosted.org/packages/43/c9/d6785c6f66241c62fd2992b05057f404237deaad1566545e9f144ced07f5/mypy-1.14.1-cp310-cp310-manylinux_2_17_aarch64.manylinux2014_aarch64.manylinux_2_28_aarch64.whl", hash = "sha256:90716d8b2d1f4cd503309788e51366f07c56635a3309b0f6a32547eaaa36a64d", size = 12095172, upload-time = "2024-12-30T16:37:50.332Z" },
    { url = "https://files.pythonhosted.org/packages/c3/62/daa7e787770c83c52ce2aaf1a111eae5893de9e004743f51bfcad9e487ec/mypy-1.14.1-cp310-cp310-manylinux_2_17_x86_64.manylinux2014_x86_64.manylinux_2_28_x86_64.whl", hash = "sha256:2ae753f5c9fef278bcf12e1a564351764f2a6da579d4a81347e1d5a15819997b", size = 12828732, upload-time = "2024-12-30T16:37:29.96Z" },
    { url = "https://files.pythonhosted.org/packages/1b/a2/5fb18318a3637f29f16f4e41340b795da14f4751ef4f51c99ff39ab62e52/mypy-1.14.1-cp310-cp310-musllinux_1_2_x86_64.whl", hash = "sha256:e0fe0f5feaafcb04505bcf439e991c6d8f1bf8b15f12b05feeed96e9e7bf1427", size = 13012197, upload-time = "2024-12-30T16:38:05.037Z" },
    { url = "https://files.pythonhosted.org/packages/28/99/e153ce39105d164b5f02c06c35c7ba958aaff50a2babba7d080988b03fe7/mypy-1.14.1-cp310-cp310-win_amd64.whl", hash = "sha256:7d54bd85b925e501c555a3227f3ec0cfc54ee8b6930bd6141ec872d1c572f81f", size = 9780836, upload-time = "2024-12-30T16:37:19.726Z" },
    { url = "https://files.pythonhosted.org/packages/da/11/a9422850fd506edbcdc7f6090682ecceaf1f87b9dd847f9df79942da8506/mypy-1.14.1-cp311-cp311-macosx_10_9_x86_64.whl", hash = "sha256:f995e511de847791c3b11ed90084a7a0aafdc074ab88c5a9711622fe4751138c", size = 11120432, upload-time = "2024-12-30T16:37:11.533Z" },
    { url = "https://files.pythonhosted.org/packages/b6/9e/47e450fd39078d9c02d620545b2cb37993a8a8bdf7db3652ace2f80521ca/mypy-1.14.1-cp311-cp311-macosx_11_0_arm64.whl", hash = "sha256:d64169ec3b8461311f8ce2fd2eb5d33e2d0f2c7b49116259c51d0d96edee48d1", size = 10279515, upload-time = "2024-12-30T16:37:40.724Z" },
    { url = "https://files.pythonhosted.org/packages/01/b5/6c8d33bd0f851a7692a8bfe4ee75eb82b6983a3cf39e5e32a5d2a723f0c1/mypy-1.14.1-cp311-cp311-manylinux_2_17_aarch64.manylinux2014_aarch64.manylinux_2_28_aarch64.whl", hash = "sha256:ba24549de7b89b6381b91fbc068d798192b1b5201987070319889e93038967a8", size = 12025791, upload-time = "2024-12-30T16:36:58.73Z" },
    { url = "https://files.pythonhosted.org/packages/f0/4c/e10e2c46ea37cab5c471d0ddaaa9a434dc1d28650078ac1b56c2d7b9b2e4/mypy-1.14.1-cp311-cp311-manylinux_2_17_x86_64.manylinux2014_x86_64.manylinux_2_28_x86_64.whl", hash = "sha256:183cf0a45457d28ff9d758730cd0210419ac27d4d3f285beda038c9083363b1f", size = 12749203, upload-time = "2024-12-30T16:37:03.741Z" },
    { url = "https://files.pythonhosted.org/packages/88/55/beacb0c69beab2153a0f57671ec07861d27d735a0faff135a494cd4f5020/mypy-1.14.1-cp311-cp311-musllinux_1_2_x86_64.whl", hash = "sha256:f2a0ecc86378f45347f586e4163d1769dd81c5a223d577fe351f26b179e148b1", size = 12885900, upload-time = "2024-12-30T16:37:57.948Z" },
    { url = "https://files.pythonhosted.org/packages/a2/75/8c93ff7f315c4d086a2dfcde02f713004357d70a163eddb6c56a6a5eff40/mypy-1.14.1-cp311-cp311-win_amd64.whl", hash = "sha256:ad3301ebebec9e8ee7135d8e3109ca76c23752bac1e717bc84cd3836b4bf3eae", size = 9777869, upload-time = "2024-12-30T16:37:33.428Z" },
    { url = "https://files.pythonhosted.org/packages/43/1b/b38c079609bb4627905b74fc6a49849835acf68547ac33d8ceb707de5f52/mypy-1.14.1-cp312-cp312-macosx_10_13_x86_64.whl", hash = "sha256:30ff5ef8519bbc2e18b3b54521ec319513a26f1bba19a7582e7b1f58a6e69f14", size = 11266668, upload-time = "2024-12-30T16:38:02.211Z" },
    { url = "https://files.pythonhosted.org/packages/6b/75/2ed0d2964c1ffc9971c729f7a544e9cd34b2cdabbe2d11afd148d7838aa2/mypy-1.14.1-cp312-cp312-macosx_11_0_arm64.whl", hash = "sha256:cb9f255c18052343c70234907e2e532bc7e55a62565d64536dbc7706a20b78b9", size = 10254060, upload-time = "2024-12-30T16:37:46.131Z" },
    { url = "https://files.pythonhosted.org/packages/a1/5f/7b8051552d4da3c51bbe8fcafffd76a6823779101a2b198d80886cd8f08e/mypy-1.14.1-cp312-cp312-manylinux_2_17_aarch64.manylinux2014_aarch64.manylinux_2_28_aarch64.whl", hash = "sha256:8b4e3413e0bddea671012b063e27591b953d653209e7a4fa5e48759cda77ca11", size = 11933167, upload-time = "2024-12-30T16:37:43.534Z" },
    { url = "https://files.pythonhosted.org/packages/04/90/f53971d3ac39d8b68bbaab9a4c6c58c8caa4d5fd3d587d16f5927eeeabe1/mypy-1.14.1-cp312-cp312-manylinux_2_17_x86_64.manylinux2014_x86_64.manylinux_2_28_x86_64.whl", hash = "sha256:553c293b1fbdebb6c3c4030589dab9fafb6dfa768995a453d8a5d3b23784af2e", size = 12864341, upload-time = "2024-12-30T16:37:36.249Z" },
    { url = "https://files.pythonhosted.org/packages/03/d2/8bc0aeaaf2e88c977db41583559319f1821c069e943ada2701e86d0430b7/mypy-1.14.1-cp312-cp312-musllinux_1_2_x86_64.whl", hash = "sha256:fad79bfe3b65fe6a1efaed97b445c3d37f7be9fdc348bdb2d7cac75579607c89", size = 12972991, upload-time = "2024-12-30T16:37:06.743Z" },
    { url = "https://files.pythonhosted.org/packages/6f/17/07815114b903b49b0f2cf7499f1c130e5aa459411596668267535fe9243c/mypy-1.14.1-cp312-cp312-win_amd64.whl", hash = "sha256:8fa2220e54d2946e94ab6dbb3ba0a992795bd68b16dc852db33028df2b00191b", size = 9879016, upload-time = "2024-12-30T16:37:15.02Z" },
    { url = "https://files.pythonhosted.org/packages/9e/15/bb6a686901f59222275ab228453de741185f9d54fecbaacec041679496c6/mypy-1.14.1-cp313-cp313-macosx_10_13_x86_64.whl", hash = "sha256:92c3ed5afb06c3a8e188cb5da4984cab9ec9a77ba956ee419c68a388b4595255", size = 11252097, upload-time = "2024-12-30T16:37:25.144Z" },
    { url = "https://files.pythonhosted.org/packages/f8/b3/8b0f74dfd072c802b7fa368829defdf3ee1566ba74c32a2cb2403f68024c/mypy-1.14.1-cp313-cp313-macosx_11_0_arm64.whl", hash = "sha256:dbec574648b3e25f43d23577309b16534431db4ddc09fda50841f1e34e64ed34", size = 10239728, upload-time = "2024-12-30T16:38:08.634Z" },
    { url = "https://files.pythonhosted.org/packages/c5/9b/4fd95ab20c52bb5b8c03cc49169be5905d931de17edfe4d9d2986800b52e/mypy-1.14.1-cp313-cp313-manylinux_2_17_aarch64.manylinux2014_aarch64.manylinux_2_28_aarch64.whl", hash = "sha256:8c6d94b16d62eb3e947281aa7347d78236688e21081f11de976376cf010eb31a", size = 11924965, upload-time = "2024-12-30T16:38:12.132Z" },
    { url = "https://files.pythonhosted.org/packages/56/9d/4a236b9c57f5d8f08ed346914b3f091a62dd7e19336b2b2a0d85485f82ff/mypy-1.14.1-cp313-cp313-manylinux_2_17_x86_64.manylinux2014_x86_64.manylinux_2_28_x86_64.whl", hash = "sha256:d4b19b03fdf54f3c5b2fa474c56b4c13c9dbfb9a2db4370ede7ec11a2c5927d9", size = 12867660, upload-time = "2024-12-30T16:38:17.342Z" },
    { url = "https://files.pythonhosted.org/packages/40/88/a61a5497e2f68d9027de2bb139c7bb9abaeb1be1584649fa9d807f80a338/mypy-1.14.1-cp313-cp313-musllinux_1_2_x86_64.whl", hash = "sha256:0c911fde686394753fff899c409fd4e16e9b294c24bfd5e1ea4675deae1ac6fd", size = 12969198, upload-time = "2024-12-30T16:38:32.839Z" },
    { url = "https://files.pythonhosted.org/packages/54/da/3d6fc5d92d324701b0c23fb413c853892bfe0e1dbe06c9138037d459756b/mypy-1.14.1-cp313-cp313-win_amd64.whl", hash = "sha256:8b21525cb51671219f5307be85f7e646a153e5acc656e5cebf64bfa076c50107", size = 9885276, upload-time = "2024-12-30T16:38:20.828Z" },
    { url = "https://files.pythonhosted.org/packages/39/02/1817328c1372be57c16148ce7d2bfcfa4a796bedaed897381b1aad9b267c/mypy-1.14.1-cp38-cp38-macosx_10_9_x86_64.whl", hash = "sha256:7084fb8f1128c76cd9cf68fe5971b37072598e7c31b2f9f95586b65c741a9d31", size = 11143050, upload-time = "2024-12-30T16:38:29.743Z" },
    { url = "https://files.pythonhosted.org/packages/b9/07/99db9a95ece5e58eee1dd87ca456a7e7b5ced6798fd78182c59c35a7587b/mypy-1.14.1-cp38-cp38-macosx_11_0_arm64.whl", hash = "sha256:8f845a00b4f420f693f870eaee5f3e2692fa84cc8514496114649cfa8fd5e2c6", size = 10321087, upload-time = "2024-12-30T16:38:14.739Z" },
    { url = "https://files.pythonhosted.org/packages/9a/eb/85ea6086227b84bce79b3baf7f465b4732e0785830726ce4a51528173b71/mypy-1.14.1-cp38-cp38-manylinux_2_17_aarch64.manylinux2014_aarch64.manylinux_2_28_aarch64.whl", hash = "sha256:44bf464499f0e3a2d14d58b54674dee25c031703b2ffc35064bd0df2e0fac319", size = 12066766, upload-time = "2024-12-30T16:38:47.038Z" },
    { url = "https://files.pythonhosted.org/packages/4b/bb/f01bebf76811475d66359c259eabe40766d2f8ac8b8250d4e224bb6df379/mypy-1.14.1-cp38-cp38-manylinux_2_17_x86_64.manylinux2014_x86_64.manylinux_2_28_x86_64.whl", hash = "sha256:c99f27732c0b7dc847adb21c9d47ce57eb48fa33a17bc6d7d5c5e9f9e7ae5bac", size = 12787111, upload-time = "2024-12-30T16:39:02.444Z" },
    { url = "https://files.pythonhosted.org/packages/2f/c9/84837ff891edcb6dcc3c27d85ea52aab0c4a34740ff5f0ccc0eb87c56139/mypy-1.14.1-cp38-cp38-musllinux_1_2_x86_64.whl", hash = "sha256:bce23c7377b43602baa0bd22ea3265c49b9ff0b76eb315d6c34721af4cdf1d9b", size = 12974331, upload-time = "2024-12-30T16:38:23.849Z" },
    { url = "https://files.pythonhosted.org/packages/84/5f/901e18464e6a13f8949b4909535be3fa7f823291b8ab4e4b36cfe57d6769/mypy-1.14.1-cp38-cp38-win_amd64.whl", hash = "sha256:8edc07eeade7ebc771ff9cf6b211b9a7d93687ff892150cb5692e4f4272b0837", size = 9763210, upload-time = "2024-12-30T16:38:36.299Z" },
    { url = "https://files.pythonhosted.org/packages/ca/1f/186d133ae2514633f8558e78cd658070ba686c0e9275c5a5c24a1e1f0d67/mypy-1.14.1-cp39-cp39-macosx_10_9_x86_64.whl", hash = "sha256:3888a1816d69f7ab92092f785a462944b3ca16d7c470d564165fe703b0970c35", size = 11200493, upload-time = "2024-12-30T16:38:26.935Z" },
    { url = "https://files.pythonhosted.org/packages/af/fc/4842485d034e38a4646cccd1369f6b1ccd7bc86989c52770d75d719a9941/mypy-1.14.1-cp39-cp39-macosx_11_0_arm64.whl", hash = "sha256:46c756a444117c43ee984bd055db99e498bc613a70bbbc120272bd13ca579fbc", size = 10357702, upload-time = "2024-12-30T16:38:50.623Z" },
    { url = "https://files.pythonhosted.org/packages/b4/e6/457b83f2d701e23869cfec013a48a12638f75b9d37612a9ddf99072c1051/mypy-1.14.1-cp39-cp39-manylinux_2_17_aarch64.manylinux2014_aarch64.manylinux_2_28_aarch64.whl", hash = "sha256:27fc248022907e72abfd8e22ab1f10e903915ff69961174784a3900a8cba9ad9", size = 12091104, upload-time = "2024-12-30T16:38:53.735Z" },
    { url = "https://files.pythonhosted.org/packages/f1/bf/76a569158db678fee59f4fd30b8e7a0d75bcbaeef49edd882a0d63af6d66/mypy-1.14.1-cp39-cp39-manylinux_2_17_x86_64.manylinux2014_x86_64.manylinux_2_28_x86_64.whl", hash = "sha256:499d6a72fb7e5de92218db961f1a66d5f11783f9ae549d214617edab5d4dbdbb", size = 12830167, upload-time = "2024-12-30T16:38:56.437Z" },
    { url = "https://files.pythonhosted.org/packages/43/bc/0bc6b694b3103de9fed61867f1c8bd33336b913d16831431e7cb48ef1c92/mypy-1.14.1-cp39-cp39-musllinux_1_2_x86_64.whl", hash = "sha256:57961db9795eb566dc1d1b4e9139ebc4c6b0cb6e7254ecde69d1552bf7613f60", size = 13013834, upload-time = "2024-12-30T16:38:59.204Z" },
    { url = "https://files.pythonhosted.org/packages/b0/79/5f5ec47849b6df1e6943d5fd8e6632fbfc04b4fd4acfa5a5a9535d11b4e2/mypy-1.14.1-cp39-cp39-win_amd64.whl", hash = "sha256:07ba89fdcc9451f2ebb02853deb6aaaa3d2239a236669a63ab3801bbf923ef5c", size = 9781231, upload-time = "2024-12-30T16:39:05.124Z" },
    { url = "https://files.pythonhosted.org/packages/a0/b5/32dd67b69a16d088e533962e5044e51004176a9952419de0370cdaead0f8/mypy-1.14.1-py3-none-any.whl", hash = "sha256:b66a60cc4073aeb8ae00057f9c1f64d49e90f918fbcef9a977eb121da8b8f1d1", size = 2752905, upload-time = "2024-12-30T16:38:42.021Z" },
]

[[package]]
name = "mypy-extensions"
version = "1.0.0"
source = { registry = "https://pypi.org/simple" }
sdist = { url = "https://files.pythonhosted.org/packages/98/a4/1ab47638b92648243faf97a5aeb6ea83059cc3624972ab6b8d2316078d3f/mypy_extensions-1.0.0.tar.gz", hash = "sha256:75dbf8955dc00442a438fc4d0666508a9a97b6bd41aa2f0ffe9d2f2725af0782", size = 4433, upload-time = "2023-02-04T12:11:27.157Z" }
wheels = [
    { url = "https://files.pythonhosted.org/packages/2a/e2/5d3f6ada4297caebe1a2add3b126fe800c96f56dbe5d1988a2cbe0b267aa/mypy_extensions-1.0.0-py3-none-any.whl", hash = "sha256:4392f6c0eb8a5668a69e23d168ffa70f0be9ccfd32b5cc2d26a34ae5b844552d", size = 4695, upload-time = "2023-02-04T12:11:25.002Z" },
]

[[package]]
name = "nodeenv"
version = "1.9.1"
source = { registry = "https://pypi.org/simple" }
sdist = { url = "https://files.pythonhosted.org/packages/43/16/fc88b08840de0e0a72a2f9d8c6bae36be573e475a6326ae854bcc549fc45/nodeenv-1.9.1.tar.gz", hash = "sha256:6ec12890a2dab7946721edbfbcd91f3319c6ccc9aec47be7c7e6b7011ee6645f", size = 47437, upload-time = "2024-06-04T18:44:11.171Z" }
wheels = [
    { url = "https://files.pythonhosted.org/packages/d2/1d/1b658dbd2b9fa9c4c9f32accbfc0205d532c8c6194dc0f2a4c0428e7128a/nodeenv-1.9.1-py2.py3-none-any.whl", hash = "sha256:ba11c9782d29c27c70ffbdda2d7415098754709be8a7056d79a737cd901155c9", size = 22314, upload-time = "2024-06-04T18:44:08.352Z" },
]

[[package]]
name = "pyright"
version = "1.1.393"
source = { registry = "https://pypi.org/simple" }
dependencies = [
    { name = "nodeenv" },
    { name = "typing-extensions", version = "4.7.1", source = { registry = "https://pypi.org/simple" }, marker = "python_full_version < '3.8'" },
    { name = "typing-extensions", version = "4.12.2", source = { registry = "https://pypi.org/simple" }, marker = "python_full_version >= '3.8'" },
]
sdist = { url = "https://files.pythonhosted.org/packages/f4/c1/aede6c74e664ab103673e4f1b7fd3d058fef32276be5c43572f4067d4a8e/pyright-1.1.393.tar.gz", hash = "sha256:aeeb7ff4e0364775ef416a80111613f91a05c8e01e58ecfefc370ca0db7aed9c", size = 3790430, upload-time = "2025-01-29T10:34:59.203Z" }
wheels = [
    { url = "https://files.pythonhosted.org/packages/92/47/f0dd0f8afce13d92e406421ecac6df0990daee84335fc36717678577d3e0/pyright-1.1.393-py3-none-any.whl", hash = "sha256:8320629bb7a44ca90944ba599390162bf59307f3d9fb6e27da3b7011b8c17ae5", size = 5646057, upload-time = "2025-01-29T10:34:53.576Z" },
]

[[package]]
name = "tomli"
version = "2.0.1"
source = { registry = "https://pypi.org/simple" }
resolution-markers = [
    "python_full_version < '3.8'",
]
sdist = { url = "https://files.pythonhosted.org/packages/c0/3f/d7af728f075fb08564c5949a9c95e44352e23dee646869fa104a3b2060a3/tomli-2.0.1.tar.gz", hash = "sha256:de526c12914f0c550d15924c62d72abc48d6fe7364aa87328337a31007fe8a4f", size = 15164, upload-time = "2022-02-08T10:54:04.006Z" }
wheels = [
    { url = "https://files.pythonhosted.org/packages/97/75/10a9ebee3fd790d20926a90a2547f0bf78f371b2f13aa822c759680ca7b9/tomli-2.0.1-py3-none-any.whl", hash = "sha256:939de3e7a6161af0c887ef91b7d41a53e7c5a1ca976325f429cb46ea9bc30ecc", size = 12757, upload-time = "2022-02-08T10:54:02.017Z" },
]

[[package]]
name = "tomli"
version = "2.2.1"
source = { registry = "https://pypi.org/simple" }
resolution-markers = [
    "python_full_version >= '3.9'",
    "python_full_version == '3.8.*'",
]
sdist = { url = "https://files.pythonhosted.org/packages/18/87/302344fed471e44a87289cf4967697d07e532f2421fdaf868a303cbae4ff/tomli-2.2.1.tar.gz", hash = "sha256:cd45e1dc79c835ce60f7404ec8119f2eb06d38b1deba146f07ced3bbc44505ff", size = 17175, upload-time = "2024-11-27T22:38:36.873Z" }
wheels = [
    { url = "https://files.pythonhosted.org/packages/43/ca/75707e6efa2b37c77dadb324ae7d9571cb424e61ea73fad7c56c2d14527f/tomli-2.2.1-cp311-cp311-macosx_10_9_x86_64.whl", hash = "sha256:678e4fa69e4575eb77d103de3df8a895e1591b48e740211bd1067378c69e8249", size = 131077, upload-time = "2024-11-27T22:37:54.956Z" },
    { url = "https://files.pythonhosted.org/packages/c7/16/51ae563a8615d472fdbffc43a3f3d46588c264ac4f024f63f01283becfbb/tomli-2.2.1-cp311-cp311-macosx_11_0_arm64.whl", hash = "sha256:023aa114dd824ade0100497eb2318602af309e5a55595f76b626d6d9f3b7b0a6", size = 123429, upload-time = "2024-11-27T22:37:56.698Z" },
    { url = "https://files.pythonhosted.org/packages/f1/dd/4f6cd1e7b160041db83c694abc78e100473c15d54620083dbd5aae7b990e/tomli-2.2.1-cp311-cp311-manylinux_2_17_aarch64.manylinux2014_aarch64.whl", hash = "sha256:ece47d672db52ac607a3d9599a9d48dcb2f2f735c6c2d1f34130085bb12b112a", size = 226067, upload-time = "2024-11-27T22:37:57.63Z" },
    { url = "https://files.pythonhosted.org/packages/a9/6b/c54ede5dc70d648cc6361eaf429304b02f2871a345bbdd51e993d6cdf550/tomli-2.2.1-cp311-cp311-manylinux_2_17_x86_64.manylinux2014_x86_64.whl", hash = "sha256:6972ca9c9cc9f0acaa56a8ca1ff51e7af152a9f87fb64623e31d5c83700080ee", size = 236030, upload-time = "2024-11-27T22:37:59.344Z" },
    { url = "https://files.pythonhosted.org/packages/1f/47/999514fa49cfaf7a92c805a86c3c43f4215621855d151b61c602abb38091/tomli-2.2.1-cp311-cp311-manylinux_2_5_i686.manylinux1_i686.manylinux_2_17_i686.manylinux2014_i686.whl", hash = "sha256:c954d2250168d28797dd4e3ac5cf812a406cd5a92674ee4c8f123c889786aa8e", size = 240898, upload-time = "2024-11-27T22:38:00.429Z" },
    { url = "https://files.pythonhosted.org/packages/73/41/0a01279a7ae09ee1573b423318e7934674ce06eb33f50936655071d81a24/tomli-2.2.1-cp311-cp311-musllinux_1_2_aarch64.whl", hash = "sha256:8dd28b3e155b80f4d54beb40a441d366adcfe740969820caf156c019fb5c7ec4", size = 229894, upload-time = "2024-11-27T22:38:02.094Z" },
    { url = "https://files.pythonhosted.org/packages/55/18/5d8bc5b0a0362311ce4d18830a5d28943667599a60d20118074ea1b01bb7/tomli-2.2.1-cp311-cp311-musllinux_1_2_i686.whl", hash = "sha256:e59e304978767a54663af13c07b3d1af22ddee3bb2fb0618ca1593e4f593a106", size = 245319, upload-time = "2024-11-27T22:38:03.206Z" },
    { url = "https://files.pythonhosted.org/packages/92/a3/7ade0576d17f3cdf5ff44d61390d4b3febb8a9fc2b480c75c47ea048c646/tomli-2.2.1-cp311-cp311-musllinux_1_2_x86_64.whl", hash = "sha256:33580bccab0338d00994d7f16f4c4ec25b776af3ffaac1ed74e0b3fc95e885a8", size = 238273, upload-time = "2024-11-27T22:38:04.217Z" },
    { url = "https://files.pythonhosted.org/packages/72/6f/fa64ef058ac1446a1e51110c375339b3ec6be245af9d14c87c4a6412dd32/tomli-2.2.1-cp311-cp311-win32.whl", hash = "sha256:465af0e0875402f1d226519c9904f37254b3045fc5084697cefb9bdde1ff99ff", size = 98310, upload-time = "2024-11-27T22:38:05.908Z" },
    { url = "https://files.pythonhosted.org/packages/6a/1c/4a2dcde4a51b81be3530565e92eda625d94dafb46dbeb15069df4caffc34/tomli-2.2.1-cp311-cp311-win_amd64.whl", hash = "sha256:2d0f2fdd22b02c6d81637a3c95f8cd77f995846af7414c5c4b8d0545afa1bc4b", size = 108309, upload-time = "2024-11-27T22:38:06.812Z" },
    { url = "https://files.pythonhosted.org/packages/52/e1/f8af4c2fcde17500422858155aeb0d7e93477a0d59a98e56cbfe75070fd0/tomli-2.2.1-cp312-cp312-macosx_10_13_x86_64.whl", hash = "sha256:4a8f6e44de52d5e6c657c9fe83b562f5f4256d8ebbfe4ff922c495620a7f6cea", size = 132762, upload-time = "2024-11-27T22:38:07.731Z" },
    { url = "https://files.pythonhosted.org/packages/03/b8/152c68bb84fc00396b83e7bbddd5ec0bd3dd409db4195e2a9b3e398ad2e3/tomli-2.2.1-cp312-cp312-macosx_11_0_arm64.whl", hash = "sha256:8d57ca8095a641b8237d5b079147646153d22552f1c637fd3ba7f4b0b29167a8", size = 123453, upload-time = "2024-11-27T22:38:09.384Z" },
    { url = "https://files.pythonhosted.org/packages/c8/d6/fc9267af9166f79ac528ff7e8c55c8181ded34eb4b0e93daa767b8841573/tomli-2.2.1-cp312-cp312-manylinux_2_17_aarch64.manylinux2014_aarch64.whl", hash = "sha256:4e340144ad7ae1533cb897d406382b4b6fede8890a03738ff1683af800d54192", size = 233486, upload-time = "2024-11-27T22:38:10.329Z" },
    { url = "https://files.pythonhosted.org/packages/5c/51/51c3f2884d7bab89af25f678447ea7d297b53b5a3b5730a7cb2ef6069f07/tomli-2.2.1-cp312-cp312-manylinux_2_17_x86_64.manylinux2014_x86_64.whl", hash = "sha256:db2b95f9de79181805df90bedc5a5ab4c165e6ec3fe99f970d0e302f384ad222", size = 242349, upload-time = "2024-11-27T22:38:11.443Z" },
    { url = "https://files.pythonhosted.org/packages/ab/df/bfa89627d13a5cc22402e441e8a931ef2108403db390ff3345c05253935e/tomli-2.2.1-cp312-cp312-manylinux_2_5_i686.manylinux1_i686.manylinux_2_17_i686.manylinux2014_i686.whl", hash = "sha256:40741994320b232529c802f8bc86da4e1aa9f413db394617b9a256ae0f9a7f77", size = 252159, upload-time = "2024-11-27T22:38:13.099Z" },
    { url = "https://files.pythonhosted.org/packages/9e/6e/fa2b916dced65763a5168c6ccb91066f7639bdc88b48adda990db10c8c0b/tomli-2.2.1-cp312-cp312-musllinux_1_2_aarch64.whl", hash = "sha256:400e720fe168c0f8521520190686ef8ef033fb19fc493da09779e592861b78c6", size = 237243, upload-time = "2024-11-27T22:38:14.766Z" },
    { url = "https://files.pythonhosted.org/packages/b4/04/885d3b1f650e1153cbb93a6a9782c58a972b94ea4483ae4ac5cedd5e4a09/tomli-2.2.1-cp312-cp312-musllinux_1_2_i686.whl", hash = "sha256:02abe224de6ae62c19f090f68da4e27b10af2b93213d36cf44e6e1c5abd19fdd", size = 259645, upload-time = "2024-11-27T22:38:15.843Z" },
    { url = "https://files.pythonhosted.org/packages/9c/de/6b432d66e986e501586da298e28ebeefd3edc2c780f3ad73d22566034239/tomli-2.2.1-cp312-cp312-musllinux_1_2_x86_64.whl", hash = "sha256:b82ebccc8c8a36f2094e969560a1b836758481f3dc360ce9a3277c65f374285e", size = 244584, upload-time = "2024-11-27T22:38:17.645Z" },
    { url = "https://files.pythonhosted.org/packages/1c/9a/47c0449b98e6e7d1be6cbac02f93dd79003234ddc4aaab6ba07a9a7482e2/tomli-2.2.1-cp312-cp312-win32.whl", hash = "sha256:889f80ef92701b9dbb224e49ec87c645ce5df3fa2cc548664eb8a25e03127a98", size = 98875, upload-time = "2024-11-27T22:38:19.159Z" },
    { url = "https://files.pythonhosted.org/packages/ef/60/9b9638f081c6f1261e2688bd487625cd1e660d0a85bd469e91d8db969734/tomli-2.2.1-cp312-cp312-win_amd64.whl", hash = "sha256:7fc04e92e1d624a4a63c76474610238576942d6b8950a2d7f908a340494e67e4", size = 109418, upload-time = "2024-11-27T22:38:20.064Z" },
    { url = "https://files.pythonhosted.org/packages/04/90/2ee5f2e0362cb8a0b6499dc44f4d7d48f8fff06d28ba46e6f1eaa61a1388/tomli-2.2.1-cp313-cp313-macosx_10_13_x86_64.whl", hash = "sha256:f4039b9cbc3048b2416cc57ab3bda989a6fcf9b36cf8937f01a6e731b64f80d7", size = 132708, upload-time = "2024-11-27T22:38:21.659Z" },
    { url = "https://files.pythonhosted.org/packages/c0/ec/46b4108816de6b385141f082ba99e315501ccd0a2ea23db4a100dd3990ea/tomli-2.2.1-cp313-cp313-macosx_11_0_arm64.whl", hash = "sha256:286f0ca2ffeeb5b9bd4fcc8d6c330534323ec51b2f52da063b11c502da16f30c", size = 123582, upload-time = "2024-11-27T22:38:22.693Z" },
    { url = "https://files.pythonhosted.org/packages/a0/bd/b470466d0137b37b68d24556c38a0cc819e8febe392d5b199dcd7f578365/tomli-2.2.1-cp313-cp313-manylinux_2_17_aarch64.manylinux2014_aarch64.whl", hash = "sha256:a92ef1a44547e894e2a17d24e7557a5e85a9e1d0048b0b5e7541f76c5032cb13", size = 232543, upload-time = "2024-11-27T22:38:24.367Z" },
    { url = "https://files.pythonhosted.org/packages/d9/e5/82e80ff3b751373f7cead2815bcbe2d51c895b3c990686741a8e56ec42ab/tomli-2.2.1-cp313-cp313-manylinux_2_17_x86_64.manylinux2014_x86_64.whl", hash = "sha256:9316dc65bed1684c9a98ee68759ceaed29d229e985297003e494aa825ebb0281", size = 241691, upload-time = "2024-11-27T22:38:26.081Z" },
    { url = "https://files.pythonhosted.org/packages/05/7e/2a110bc2713557d6a1bfb06af23dd01e7dde52b6ee7dadc589868f9abfac/tomli-2.2.1-cp313-cp313-manylinux_2_5_i686.manylinux1_i686.manylinux_2_17_i686.manylinux2014_i686.whl", hash = "sha256:e85e99945e688e32d5a35c1ff38ed0b3f41f43fad8df0bdf79f72b2ba7bc5272", size = 251170, upload-time = "2024-11-27T22:38:27.921Z" },
    { url = "https://files.pythonhosted.org/packages/64/7b/22d713946efe00e0adbcdfd6d1aa119ae03fd0b60ebed51ebb3fa9f5a2e5/tomli-2.2.1-cp313-cp313-musllinux_1_2_aarch64.whl", hash = "sha256:ac065718db92ca818f8d6141b5f66369833d4a80a9d74435a268c52bdfa73140", size = 236530, upload-time = "2024-11-27T22:38:29.591Z" },
    { url = "https://files.pythonhosted.org/packages/38/31/3a76f67da4b0cf37b742ca76beaf819dca0ebef26d78fc794a576e08accf/tomli-2.2.1-cp313-cp313-musllinux_1_2_i686.whl", hash = "sha256:d920f33822747519673ee656a4b6ac33e382eca9d331c87770faa3eef562aeb2", size = 258666, upload-time = "2024-11-27T22:38:30.639Z" },
    { url = "https://files.pythonhosted.org/packages/07/10/5af1293da642aded87e8a988753945d0cf7e00a9452d3911dd3bb354c9e2/tomli-2.2.1-cp313-cp313-musllinux_1_2_x86_64.whl", hash = "sha256:a198f10c4d1b1375d7687bc25294306e551bf1abfa4eace6650070a5c1ae2744", size = 243954, upload-time = "2024-11-27T22:38:31.702Z" },
    { url = "https://files.pythonhosted.org/packages/5b/b9/1ed31d167be802da0fc95020d04cd27b7d7065cc6fbefdd2f9186f60d7bd/tomli-2.2.1-cp313-cp313-win32.whl", hash = "sha256:d3f5614314d758649ab2ab3a62d4f2004c825922f9e370b29416484086b264ec", size = 98724, upload-time = "2024-11-27T22:38:32.837Z" },
    { url = "https://files.pythonhosted.org/packages/c7/32/b0963458706accd9afcfeb867c0f9175a741bf7b19cd424230714d722198/tomli-2.2.1-cp313-cp313-win_amd64.whl", hash = "sha256:a38aa0308e754b0e3c67e344754dff64999ff9b513e691d0e786265c93583c69", size = 109383, upload-time = "2024-11-27T22:38:34.455Z" },
    { url = "https://files.pythonhosted.org/packages/6e/c2/61d3e0f47e2b74ef40a68b9e6ad5984f6241a942f7cd3bbfbdbd03861ea9/tomli-2.2.1-py3-none-any.whl", hash = "sha256:cb55c73c5f4408779d0cf3eef9f762b9c9f147a77de7b258bef0a5628adc85cc", size = 14257, upload-time = "2024-11-27T22:38:35.385Z" },
]

[[package]]
name = "typed-ast"
version = "1.5.5"
source = { registry = "https://pypi.org/simple" }
sdist = { url = "https://files.pythonhosted.org/packages/f9/7e/a424029f350aa8078b75fd0d360a787a273ca753a678d1104c5fa4f3072a/typed_ast-1.5.5.tar.gz", hash = "sha256:94282f7a354f36ef5dbce0ef3467ebf6a258e370ab33d5b40c249fa996e590dd", size = 252841, upload-time = "2023-07-04T18:38:08.524Z" }
wheels = [
    { url = "https://files.pythonhosted.org/packages/88/07/5defe18d4fc16281cd18c4374270abc430c3d852d8ac29b5db6599d45cfe/typed_ast-1.5.5-cp310-cp310-macosx_10_9_x86_64.whl", hash = "sha256:4bc1efe0ce3ffb74784e06460f01a223ac1f6ab31c6bc0376a21184bf5aabe3b", size = 223267, upload-time = "2023-07-04T18:37:00.129Z" },
    { url = "https://files.pythonhosted.org/packages/a0/5c/e379b00028680bfcd267d845cf46b60e76d8ac6f7009fd440d6ce030cc92/typed_ast-1.5.5-cp310-cp310-macosx_11_0_arm64.whl", hash = "sha256:5f7a8c46a8b333f71abd61d7ab9255440d4a588f34a21f126bbfc95f6049e686", size = 208260, upload-time = "2023-07-04T18:37:03.069Z" },
    { url = "https://files.pythonhosted.org/packages/3b/99/5cc31ef4f3c80e1ceb03ed2690c7085571e3fbf119cbd67a111ec0b6622f/typed_ast-1.5.5-cp310-cp310-manylinux_2_17_aarch64.manylinux2014_aarch64.whl", hash = "sha256:597fc66b4162f959ee6a96b978c0435bd63791e31e4f410622d19f1686d5e769", size = 842272, upload-time = "2023-07-04T18:37:04.916Z" },
    { url = "https://files.pythonhosted.org/packages/e2/ed/b9b8b794b37b55c9247b1e8d38b0361e8158795c181636d34d6c11b506e7/typed_ast-1.5.5-cp310-cp310-manylinux_2_17_x86_64.manylinux2014_x86_64.whl", hash = "sha256:d41b7a686ce653e06c2609075d397ebd5b969d821b9797d029fccd71fdec8e04", size = 824651, upload-time = "2023-07-04T18:37:06.711Z" },
    { url = "https://files.pythonhosted.org/packages/ca/59/dbbbe5a0e91c15d14a0896b539a5ed01326b0d468e75c1a33274d128d2d1/typed_ast-1.5.5-cp310-cp310-musllinux_1_1_aarch64.whl", hash = "sha256:5fe83a9a44c4ce67c796a1b466c270c1272e176603d5e06f6afbc101a572859d", size = 854960, upload-time = "2023-07-04T18:37:08.474Z" },
    { url = "https://files.pythonhosted.org/packages/90/f0/0956d925f87bd81f6e0f8cf119eac5e5c8f4da50ca25bb9f5904148d4611/typed_ast-1.5.5-cp310-cp310-musllinux_1_1_x86_64.whl", hash = "sha256:d5c0c112a74c0e5db2c75882a0adf3133adedcdbfd8cf7c9d6ed77365ab90a1d", size = 839321, upload-time = "2023-07-04T18:37:10.417Z" },
    { url = "https://files.pythonhosted.org/packages/43/17/4bdece9795da6f3345c4da5667ac64bc25863617f19c28d81f350f515be6/typed_ast-1.5.5-cp310-cp310-win_amd64.whl", hash = "sha256:e1a976ed4cc2d71bb073e1b2a250892a6e968ff02aa14c1f40eba4f365ffec02", size = 139380, upload-time = "2023-07-04T18:37:12.157Z" },
    { url = "https://files.pythonhosted.org/packages/75/53/b685e10da535c7b3572735f8bea0d4abb35a04722a7d44ca9c163a0cf822/typed_ast-1.5.5-cp311-cp311-macosx_10_9_x86_64.whl", hash = "sha256:c631da9710271cb67b08bd3f3813b7af7f4c69c319b75475436fcab8c3d21bee", size = 223264, upload-time = "2023-07-04T18:37:13.637Z" },
    { url = "https://files.pythonhosted.org/packages/96/fd/fc8ccf19fc16a40a23e7c7802d0abc78c1f38f1abb6e2447c474f8a076d8/typed_ast-1.5.5-cp311-cp311-macosx_11_0_arm64.whl", hash = "sha256:b445c2abfecab89a932b20bd8261488d574591173d07827c1eda32c457358b18", size = 208158, upload-time = "2023-07-04T18:37:15.141Z" },
    { url = "https://files.pythonhosted.org/packages/bf/9a/598e47f2c3ecd19d7f1bb66854d0d3ba23ffd93c846448790a92524b0a8d/typed_ast-1.5.5-cp311-cp311-manylinux_2_17_aarch64.manylinux2014_aarch64.whl", hash = "sha256:cc95ffaaab2be3b25eb938779e43f513e0e538a84dd14a5d844b8f2932593d88", size = 878366, upload-time = "2023-07-04T18:37:16.614Z" },
    { url = "https://files.pythonhosted.org/packages/60/ca/765e8bf8b24d0ed7b9fc669f6826c5bc3eb7412fc765691f59b83ae195b2/typed_ast-1.5.5-cp311-cp311-manylinux_2_17_x86_64.manylinux2014_x86_64.whl", hash = "sha256:61443214d9b4c660dcf4b5307f15c12cb30bdfe9588ce6158f4a005baeb167b2", size = 860314, upload-time = "2023-07-04T18:37:18.215Z" },
    { url = "https://files.pythonhosted.org/packages/d9/3c/4af750e6c673a0dd6c7b9f5b5e5ed58ec51a2e4e744081781c664d369dfa/typed_ast-1.5.5-cp311-cp311-musllinux_1_1_aarch64.whl", hash = "sha256:6eb936d107e4d474940469e8ec5b380c9b329b5f08b78282d46baeebd3692dc9", size = 898108, upload-time = "2023-07-04T18:37:20.095Z" },
    { url = "https://files.pythonhosted.org/packages/03/8d/d0a4d1e060e1e8dda2408131a0cc7633fc4bc99fca5941dcb86c461dfe01/typed_ast-1.5.5-cp311-cp311-musllinux_1_1_x86_64.whl", hash = "sha256:e48bf27022897577d8479eaed64701ecaf0467182448bd95759883300ca818c8", size = 881971, upload-time = "2023-07-04T18:37:21.912Z" },
    { url = "https://files.pythonhosted.org/packages/90/83/f28d2c912cd010a09b3677ac69d23181045eb17e358914ab739b7fdee530/typed_ast-1.5.5-cp311-cp311-win_amd64.whl", hash = "sha256:83509f9324011c9a39faaef0922c6f720f9623afe3fe220b6d0b15638247206b", size = 139286, upload-time = "2023-07-04T18:37:23.625Z" },
    { url = "https://files.pythonhosted.org/packages/d5/00/635353c31b71ed307ab020eff6baed9987da59a1b2ba489f885ecbe293b8/typed_ast-1.5.5-cp37-cp37m-macosx_10_9_x86_64.whl", hash = "sha256:2188bc33d85951ea4ddad55d2b35598b2709d122c11c75cffd529fbc9965508e", size = 222315, upload-time = "2023-07-04T18:37:36.008Z" },
    { url = "https://files.pythonhosted.org/packages/01/95/11be104446bb20212a741d30d40eab52a9cfc05ea34efa074ff4f7c16983/typed_ast-1.5.5-cp37-cp37m-manylinux_2_17_aarch64.manylinux2014_aarch64.whl", hash = "sha256:0635900d16ae133cab3b26c607586131269f88266954eb04ec31535c9a12ef1e", size = 793541, upload-time = "2023-07-04T18:37:37.614Z" },
    { url = "https://files.pythonhosted.org/packages/32/f1/75bd58fb1410cb72fbc6e8adf163015720db2c38844b46a9149c5ff6bf38/typed_ast-1.5.5-cp37-cp37m-manylinux_2_17_x86_64.manylinux2014_x86_64.whl", hash = "sha256:57bfc3cf35a0f2fdf0a88a3044aafaec1d2f24d8ae8cd87c4f58d615fb5b6311", size = 778348, upload-time = "2023-07-04T18:37:39.332Z" },
    { url = "https://files.pythonhosted.org/packages/47/97/0bb4dba688a58ff9c08e63b39653e4bcaa340ce1bb9c1d58163e5c2c66f1/typed_ast-1.5.5-cp37-cp37m-musllinux_1_1_aarch64.whl", hash = "sha256:fe58ef6a764de7b4b36edfc8592641f56e69b7163bba9f9c8089838ee596bfb2", size = 809447, upload-time = "2023-07-04T18:37:41.017Z" },
    { url = "https://files.pythonhosted.org/packages/a8/cd/9a867f5a96d83a9742c43914e10d3a2083d8fe894ab9bf60fd467c6c497f/typed_ast-1.5.5-cp37-cp37m-musllinux_1_1_x86_64.whl", hash = "sha256:d09d930c2d1d621f717bb217bf1fe2584616febb5138d9b3e8cdd26506c3f6d4", size = 796707, upload-time = "2023-07-04T18:37:42.625Z" },
    { url = "https://files.pythonhosted.org/packages/eb/06/73ca55ee5303b41d08920de775f02d2a3e1e59430371f5adf7fbb1a21127/typed_ast-1.5.5-cp37-cp37m-win_amd64.whl", hash = "sha256:d40c10326893ecab8a80a53039164a224984339b2c32a6baf55ecbd5b1df6431", size = 138403, upload-time = "2023-07-04T18:37:44.399Z" },
    { url = "https://files.pythonhosted.org/packages/19/e3/88b65e46643006592f39e0fdef3e29454244a9fdaa52acfb047dc68cae6a/typed_ast-1.5.5-cp38-cp38-macosx_10_9_x86_64.whl", hash = "sha256:fd946abf3c31fb50eee07451a6aedbfff912fcd13cf357363f5b4e834cc5e71a", size = 222951, upload-time = "2023-07-04T18:37:45.745Z" },
    { url = "https://files.pythonhosted.org/packages/15/e0/182bdd9edb6c6a1c068cecaa87f58924a817f2807a0b0d940f578b3328df/typed_ast-1.5.5-cp38-cp38-macosx_11_0_arm64.whl", hash = "sha256:ed4a1a42df8a3dfb6b40c3d2de109e935949f2f66b19703eafade03173f8f437", size = 208247, upload-time = "2023-07-04T18:37:47.28Z" },
    { url = "https://files.pythonhosted.org/packages/8d/09/bba083f2c11746288eaf1859e512130420405033de84189375fe65d839ba/typed_ast-1.5.5-cp38-cp38-manylinux_2_17_aarch64.manylinux2014_aarch64.whl", hash = "sha256:045f9930a1550d9352464e5149710d56a2aed23a2ffe78946478f7b5416f1ede", size = 861010, upload-time = "2023-07-04T18:37:48.847Z" },
    { url = "https://files.pythonhosted.org/packages/31/f3/38839df509b04fb54205e388fc04b47627377e0ad628870112086864a441/typed_ast-1.5.5-cp38-cp38-manylinux_2_17_x86_64.manylinux2014_x86_64.whl", hash = "sha256:381eed9c95484ceef5ced626355fdc0765ab51d8553fec08661dce654a935db4", size = 840026, upload-time = "2023-07-04T18:37:50.631Z" },
    { url = "https://files.pythonhosted.org/packages/45/1e/aa5f1dae4b92bc665ae9a655787bb2fe007a881fa2866b0408ce548bb24c/typed_ast-1.5.5-cp38-cp38-musllinux_1_1_aarch64.whl", hash = "sha256:bfd39a41c0ef6f31684daff53befddae608f9daf6957140228a08e51f312d7e6", size = 875615, upload-time = "2023-07-04T18:37:52.27Z" },
    { url = "https://files.pythonhosted.org/packages/94/88/71a1c249c01fbbd66f9f28648f8249e737a7fe19056c1a78e7b3b9250eb1/typed_ast-1.5.5-cp38-cp38-musllinux_1_1_x86_64.whl", hash = "sha256:8c524eb3024edcc04e288db9541fe1f438f82d281e591c548903d5b77ad1ddd4", size = 858320, upload-time = "2023-07-04T18:37:54.23Z" },
    { url = "https://files.pythonhosted.org/packages/12/1e/19f53aad3984e351e6730e4265fde4b949a66c451e10828fdbc4dfb050f1/typed_ast-1.5.5-cp38-cp38-win_amd64.whl", hash = "sha256:7f58fabdde8dcbe764cef5e1a7fcb440f2463c1bbbec1cf2a86ca7bc1f95184b", size = 139414, upload-time = "2023-07-04T18:37:55.912Z" },
    { url = "https://files.pythonhosted.org/packages/b1/88/6e7f36f5fab6fbf0586a2dd866ac337924b7d4796a4d1b2b04443a864faf/typed_ast-1.5.5-cp39-cp39-macosx_10_9_x86_64.whl", hash = "sha256:042eb665ff6bf020dd2243307d11ed626306b82812aba21836096d229fdc6a10", size = 223329, upload-time = "2023-07-04T18:37:57.344Z" },
    { url = "https://files.pythonhosted.org/packages/71/30/09d27e13824495547bcc665bd07afc593b22b9484f143b27565eae4ccaac/typed_ast-1.5.5-cp39-cp39-macosx_11_0_arm64.whl", hash = "sha256:622e4a006472b05cf6ef7f9f2636edc51bda670b7bbffa18d26b255269d3d814", size = 208314, upload-time = "2023-07-04T18:37:59.073Z" },
    { url = "https://files.pythonhosted.org/packages/07/3d/564308b7a432acb1f5399933cbb1b376a1a64d2544b90f6ba91894674260/typed_ast-1.5.5-cp39-cp39-manylinux_2_17_aarch64.manylinux2014_aarch64.whl", hash = "sha256:1efebbbf4604ad1283e963e8915daa240cb4bf5067053cf2f0baadc4d4fb51b8", size = 840900, upload-time = "2023-07-04T18:38:00.562Z" },
    { url = "https://files.pythonhosted.org/packages/ea/f4/262512d14f777ea3666a089e2675a9b1500a85b8329a36de85d63433fb0e/typed_ast-1.5.5-cp39-cp39-manylinux_2_17_x86_64.manylinux2014_x86_64.whl", hash = "sha256:f0aefdd66f1784c58f65b502b6cf8b121544680456d1cebbd300c2c813899274", size = 823435, upload-time = "2023-07-04T18:38:02.532Z" },
    { url = "https://files.pythonhosted.org/packages/a1/25/b3ccb948166d309ab75296ac9863ebe2ff209fbc063f1122a2d3979e47c3/typed_ast-1.5.5-cp39-cp39-musllinux_1_1_aarch64.whl", hash = "sha256:48074261a842acf825af1968cd912f6f21357316080ebaca5f19abbb11690c8a", size = 853125, upload-time = "2023-07-04T18:38:04.128Z" },
    { url = "https://files.pythonhosted.org/packages/1c/09/012da182242f168bb5c42284297dcc08dc0a1b3668db5b3852aec467f56f/typed_ast-1.5.5-cp39-cp39-musllinux_1_1_x86_64.whl", hash = "sha256:429ae404f69dc94b9361bb62291885894b7c6fb4640d561179548c849f8492ba", size = 837280, upload-time = "2023-07-04T18:38:05.968Z" },
    { url = "https://files.pythonhosted.org/packages/30/bd/c815051404c4293265634d9d3e292f04fcf681d0502a9484c38b8f224d04/typed_ast-1.5.5-cp39-cp39-win_amd64.whl", hash = "sha256:335f22ccb244da2b5c296e6f96b06ee9bed46526db0de38d2f0e5a6597b81155", size = 139486, upload-time = "2023-07-04T18:38:07.249Z" },
]

[[package]]
name = "types-maya"
source = { editable = "." }

[package.dev-dependencies]
dev = [
    { name = "mypy", version = "1.4.1", source = { registry = "https://pypi.org/simple" }, marker = "python_full_version < '3.8'" },
    { name = "mypy", version = "1.14.1", source = { registry = "https://pypi.org/simple" }, marker = "python_full_version >= '3.8'" },
    { name = "pyright" },
]

[package.metadata]

[package.metadata.requires-dev]
dev = [
    { name = "mypy", specifier = ">=1.4.1" },
    { name = "pyright", specifier = ">=1.1.393" },
]

[[package]]
name = "typing-extensions"
version = "4.7.1"
source = { registry = "https://pypi.org/simple" }
resolution-markers = [
    "python_full_version < '3.8'",
]
sdist = { url = "https://files.pythonhosted.org/packages/3c/8b/0111dd7d6c1478bf83baa1cab85c686426c7a6274119aceb2bd9d35395ad/typing_extensions-4.7.1.tar.gz", hash = "sha256:b75ddc264f0ba5615db7ba217daeb99701ad295353c45f9e95963337ceeeffb2", size = 72876, upload-time = "2023-07-02T14:20:55.045Z" }
wheels = [
    { url = "https://files.pythonhosted.org/packages/ec/6b/63cc3df74987c36fe26157ee12e09e8f9db4de771e0f3404263117e75b95/typing_extensions-4.7.1-py3-none-any.whl", hash = "sha256:440d5dd3af93b060174bf433bccd69b0babc3b15b1a8dca43789fd7f61514b36", size = 33232, upload-time = "2023-07-02T14:20:53.275Z" },
]

[[package]]
name = "typing-extensions"
version = "4.12.2"
source = { registry = "https://pypi.org/simple" }
resolution-markers = [
    "python_full_version >= '3.9'",
    "python_full_version == '3.8.*'",
]
sdist = { url = "https://files.pythonhosted.org/packages/df/db/f35a00659bc03fec321ba8bce9420de607a1d37f8342eee1863174c69557/typing_extensions-4.12.2.tar.gz", hash = "sha256:1a7ead55c7e559dd4dee8856e3a88b41225abfe1ce8df57b7c13915fe121ffb8", size = 85321, upload-time = "2024-06-07T18:52:15.995Z" }
wheels = [
    { url = "https://files.pythonhosted.org/packages/26/9f/ad63fc0248c5379346306f8668cda6e2e2e9c95e01216d2b8ffd9ff037d0/typing_extensions-4.12.2-py3-none-any.whl", hash = "sha256:04e5ca0351e0f3f85c6853954072df659d0d13fac324d0072316b67d7794700d", size = 37438, upload-time = "2024-06-07T18:52:13.582Z" },
]
